<?xml version="1.0" encoding="utf-8"?>
<Project ToolsVersion="4.0" xmlns="http://schemas.microsoft.com/developer/msbuild/2003">
  <ItemGroup>
    <Filter Include="Source Files">
      <UniqueIdentifier>{4FC737F1-C7A5-4376-A066-2A32D752A2FF}</UniqueIdentifier>
      <Extensions>cpp;c;cc;cxx;c++;cppm;ixx;def;odl;idl;hpj;bat;asm;asmx</Extensions>
    </Filter>
    <Filter Include="Header Files">
      <UniqueIdentifier>{93995380-89BD-4b04-88EB-625FBE52EBFB}</UniqueIdentifier>
      <Extensions>h;hh;hpp;hxx;h++;hm;inl;inc;ipp;xsd</Extensions>
    </Filter>
    <Filter Include="Resource Files">
      <UniqueIdentifier>{67DA6AB6-F800-4c08-8B7A-83BB121AAD01}</UniqueIdentifier>
      <Extensions>rc;ico;cur;bmp;dlg;rc2;rct;bin;rgs;gif;jpg;jpeg;jpe;resx;tiff;tif;png;wav;mfcribbon-ms</Extensions>
    </Filter>
  </ItemGroup>
  <ItemGroup>
    <ClCompile Include="MyExcelPrototypeProject.cpp">
      <Filter>Source Files</Filter>
    </ClCompile>
    <ClCompile Include="MyString.cpp">
      <Filter>Source Files</Filter>
    </ClCompile>
    <ClCompile Include="Property.cpp">
      <Filter>Source Files</Filter>
    </ClCompile>
    <ClCompile Include="InitialTableCols.cpp">
      <Filter>Source Files</Filter>
    </ClCompile>
    <ClCompile Include="MaxTableRows.cpp">
      <Filter>Source Files</Filter>
    </ClCompile>
    <ClCompile Include="MaxTableCols.cpp">
      <Filter>Source Files</Filter>
    </ClCompile>
    <ClCompile Include="AutoFit.cpp">
      <Filter>Source Files</Filter>
    </ClCompile>
    <ClCompile Include="VisibleCellSymbols.cpp">
      <Filter>Source Files</Filter>
    </ClCompile>
    <ClCompile Include="InitialAlignment.cpp">
      <Filter>Source Files</Filter>
    </ClCompile>
    <ClCompile Include="ClearConsoleAfterCommand.cpp">
      <Filter>Source Files</Filter>
    </ClCompile>
    <ClCompile Include="FactoryProperty.cpp">
      <Filter>Source Files</Filter>
    </ClCompile>
    <ClCompile Include="Table.cpp">
      <Filter>Source Files</Filter>
    </ClCompile>
    <ClCompile Include="InitialTableRows.cpp">
      <Filter>Source Files</Filter>
    </ClCompile>
    <ClCompile Include="CellParameter.cpp">
      <Filter>Source Files</Filter>
    </ClCompile>
    <ClCompile Include="FormulaCell.cpp">
      <Filter>Source Files</Filter>
    </ClCompile>
    <ClCompile Include="IParameter.cpp">
      <Filter>Source Files</Filter>
    </ClCompile>
    <ClCompile Include="Operation.cpp">
      <Filter>Source Files</Filter>
    </ClCompile>
    <ClCompile Include="RangeParameter.cpp">
      <Filter>Source Files</Filter>
    </ClCompile>
    <ClCompile Include="ReferenceCell.cpp">
      <Filter>Source Files</Filter>
    </ClCompile>
    <ClCompile Include="SumOperation.cpp">
      <Filter>Source Files</Filter>
    </ClCompile>
    <ClCompile Include="AverageOperation.cpp">
      <Filter>Source Files</Filter>
    </ClCompile>
    <ClCompile Include="Value.cpp">
      <Filter>Source Files</Filter>
    </ClCompile>
    <ClCompile Include="ValueParameter.cpp">
      <Filter>Source Files</Filter>
    </ClCompile>
    <ClCompile Include="SingleValueCell.cpp">
      <Filter>Source Files</Filter>
    </ClCompile>
    <ClCompile Include="Cell.cpp">
      <Filter>Source Files</Filter>
    </ClCompile>
    <ClCompile Include="MinOperation.cpp">
      <Filter>Source Files</Filter>
    </ClCompile>
    <ClCompile Include="MaxOperation.cpp">
      <Filter>Source Files</Filter>
    </ClCompile>
    <ClCompile Include="EmptyCell.cpp">
      <Filter>Source Files</Filter>
    </ClCompile>
    <ClCompile Include="TableBuilder.cpp">
      <Filter>Source Files</Filter>
    </ClCompile>
    <ClCompile Include="TableView.cpp">
      <Filter>Source Files</Filter>
    </ClCompile>
    <ClCompile Include="FactoryCell.cpp">
      <Filter>Source Files</Filter>
    </ClCompile>
    <ClCompile Include="LenOperation.cpp">
      <Filter>Source Files</Filter>
    </ClCompile>
    <ClCompile Include="ConcatOperation.cpp">
      <Filter>Source Files</Filter>
    </ClCompile>
    <ClCompile Include="SubstrOperation.cpp">
      <Filter>Source Files</Filter>
    </ClCompile>
    <ClCompile Include="CountOperation.cpp">
      <Filter>Source Files</Filter>
    </ClCompile>
    <ClCompile Include="FactoryOperation.cpp">
      <Filter>Source Files</Filter>
    </ClCompile>
    <ClCompile Include="SumOperationParams.cpp">
      <Filter>Source Files</Filter>
    </ClCompile>
    <ClCompile Include="AverageOperationParams.cpp">
      <Filter>Source Files</Filter>
    </ClCompile>
    <ClCompile Include="MinOperationParams.cpp">
      <Filter>Source Files</Filter>
    </ClCompile>
    <ClCompile Include="MaxOperationParams.cpp">
      <Filter>Source Files</Filter>
    </ClCompile>
    <ClCompile Include="LenOperationParams.cpp">
      <Filter>Source Files</Filter>
    </ClCompile>
    <ClCompile Include="ConcatOperationParams.cpp">
      <Filter>Source Files</Filter>
    </ClCompile>
    <ClCompile Include="SubstrOperationParams.cpp">
      <Filter>Source Files</Filter>
    </ClCompile>
    <ClCompile Include="CountOperationParams.cpp">
      <Filter>Source Files</Filter>
    </ClCompile>
    <ClCompile Include="CellContext.cpp">
      <Filter>Source Files</Filter>
    </ClCompile>
  </ItemGroup>
  <ItemGroup>
    <ClInclude Include="MyString.h">
      <Filter>Header Files</Filter>
    </ClInclude>
    <ClInclude Include="Property.h">
      <Filter>Header Files</Filter>
    </ClInclude>
    <ClInclude Include="InitialTableRows.h">
      <Filter>Header Files</Filter>
    </ClInclude>
    <ClInclude Include="PropertyType.h">
      <Filter>Header Files</Filter>
    </ClInclude>
    <ClInclude Include="InitialTableCols.h">
      <Filter>Header Files</Filter>
    </ClInclude>
    <ClInclude Include="MaxTableRows.h">
      <Filter>Header Files</Filter>
    </ClInclude>
    <ClInclude Include="MaxTableCols.h">
      <Filter>Header Files</Filter>
    </ClInclude>
    <ClInclude Include="AutoFit.h">
      <Filter>Header Files</Filter>
    </ClInclude>
    <ClInclude Include="VisibleCellSymbols.h">
      <Filter>Header Files</Filter>
    </ClInclude>
    <ClInclude Include="InitialAlignment.h">
      <Filter>Header Files</Filter>
    </ClInclude>
    <ClInclude Include="AlignmentType.h">
      <Filter>Header Files</Filter>
    </ClInclude>
    <ClInclude Include="ClearConsoleAfterCommand.h">
      <Filter>Header Files</Filter>
    </ClInclude>
    <ClInclude Include="FactoryProperty.h">
      <Filter>Header Files</Filter>
    </ClInclude>
    <ClInclude Include="Table.h">
      <Filter>Header Files</Filter>
    </ClInclude>
    <ClInclude Include="SingleValueCell.h">
      <Filter>Header Files</Filter>
    </ClInclude>
    <ClInclude Include="Cell.h">
      <Filter>Header Files</Filter>
    </ClInclude>
    <ClInclude Include="CellParameter.h">
      <Filter>Header Files</Filter>
    </ClInclude>
    <ClInclude Include="FormulaCell.h">
      <Filter>Header Files</Filter>
    </ClInclude>
    <ClInclude Include="FormulaName.h">
      <Filter>Header Files</Filter>
    </ClInclude>
    <ClInclude Include="IParameter.h">
      <Filter>Header Files</Filter>
    </ClInclude>
    <ClInclude Include="MyVector.hpp">
      <Filter>Header Files</Filter>
    </ClInclude>
    <ClInclude Include="Operation.h">
      <Filter>Header Files</Filter>
    </ClInclude>
    <ClInclude Include="RangeParameter.h">
      <Filter>Header Files</Filter>
    </ClInclude>
    <ClInclude Include="ReferenceCell.h">
      <Filter>Header Files</Filter>
    </ClInclude>
    <ClInclude Include="SumOperation.h">
      <Filter>Header Files</Filter>
    </ClInclude>
    <ClInclude Include="UniquePtr.hpp">
      <Filter>Header Files</Filter>
    </ClInclude>
    <ClInclude Include="ValueParameter.h">
      <Filter>Header Files</Filter>
    </ClInclude>
    <ClInclude Include="AverageOperation.h">
      <Filter>Header Files</Filter>
    </ClInclude>
    <ClInclude Include="Value.h">
      <Filter>Header Files</Filter>
    </ClInclude>
    <ClInclude Include="HeterogeneousContainer.hpp">
      <Filter>Header Files</Filter>
    </ClInclude>
    <ClInclude Include="MinOperation.h">
      <Filter>Header Files</Filter>
    </ClInclude>
    <ClInclude Include="MaxOperation.h">
      <Filter>Header Files</Filter>
    </ClInclude>
    <ClInclude Include="EmptyCell.h">
      <Filter>Header Files</Filter>
    </ClInclude>
    <ClInclude Include="TableBuilder.h">
      <Filter>Header Files</Filter>
    </ClInclude>
    <ClInclude Include="TableView.h">
      <Filter>Header Files</Filter>
    </ClInclude>
    <ClInclude Include="TableProperties.h">
      <Filter>Header Files</Filter>
    </ClInclude>
    <ClInclude Include="CellContext.h">
      <Filter>Header Files</Filter>
    </ClInclude>
    <ClInclude Include="FactoryCell.h">
      <Filter>Header Files</Filter>
    </ClInclude>
    <ClInclude Include="LenOperation.h">
      <Filter>Header Files</Filter>
    </ClInclude>
    <ClInclude Include="ConcatOperation.h">
      <Filter>Header Files</Filter>
    </ClInclude>
    <ClInclude Include="SubstrOperation.h">
      <Filter>Header Files</Filter>
    </ClInclude>
    <ClInclude Include="CountOperation.h">
      <Filter>Header Files</Filter>
    </ClInclude>
    <ClInclude Include="FactoryOperation.h">
      <Filter>Header Files</Filter>
    </ClInclude>
    <ClInclude Include="OperationParams.h">
      <Filter>Header Files</Filter>
    </ClInclude>
    <ClInclude Include="SumOperationParams.h">
      <Filter>Header Files</Filter>
    </ClInclude>
    <ClInclude Include="AverageOperationParams.h">
      <Filter>Header Files</Filter>
    </ClInclude>
    <ClInclude Include="MinOperationParams.h">
      <Filter>Header Files</Filter>
    </ClInclude>
    <ClInclude Include="MaxOperationParams.h">
      <Filter>Header Files</Filter>
    </ClInclude>
    <ClInclude Include="LenOperationParams.h">
      <Filter>Header Files</Filter>
    </ClInclude>
    <ClInclude Include="ConcatOperationParams.h">
      <Filter>Header Files</Filter>
    </ClInclude>
    <ClInclude Include="SubstrOperationParams.h">
      <Filter>Header Files</Filter>
    </ClInclude>
    <ClInclude Include="CountOperationParams.h">
      <Filter>Header Files</Filter>
    </ClInclude>
  </ItemGroup>
</Project>